// !$*UTF8*$!
{
	archiveVersion = 1;
	classes = {
	};
	objectVersion = 56;
	objects = {

/* Begin PBXBuildFile section */
		0E4902CEFF245F3FE5D4D25B /* Pods_testTests.framework in Frameworks */ = {isa = PBXBuildFile; fileRef = 0B22A1EA6A6C84277C81CD91 /* Pods_testTests.framework */; };
		1442161829C2B5F0007866BE /* NetworkingService.swift in Sources */ = {isa = PBXBuildFile; fileRef = 1442161729C2B5F0007866BE /* NetworkingService.swift */; };
		1442161A29C2CE7B007866BE /* NetworkConstants.swift in Sources */ = {isa = PBXBuildFile; fileRef = 1442161929C2CE7B007866BE /* NetworkConstants.swift */; };
		1442161C29C2CEDA007866BE /* DashboardModel.swift in Sources */ = {isa = PBXBuildFile; fileRef = 1442161B29C2CEDA007866BE /* DashboardModel.swift */; };
		14A62E8629C2B17200BC45D0 /* AppDelegate.swift in Sources */ = {isa = PBXBuildFile; fileRef = 14A62E8529C2B17200BC45D0 /* AppDelegate.swift */; };
		14A62E8829C2B17200BC45D0 /* SceneDelegate.swift in Sources */ = {isa = PBXBuildFile; fileRef = 14A62E8729C2B17200BC45D0 /* SceneDelegate.swift */; };
		14A62E8A29C2B17200BC45D0 /* ViewController.swift in Sources */ = {isa = PBXBuildFile; fileRef = 14A62E8929C2B17200BC45D0 /* ViewController.swift */; };
		14A62E8D29C2B17200BC45D0 /* Main.storyboard in Resources */ = {isa = PBXBuildFile; fileRef = 14A62E8B29C2B17200BC45D0 /* Main.storyboard */; };
		14A62E8F29C2B17200BC45D0 /* Assets.xcassets in Resources */ = {isa = PBXBuildFile; fileRef = 14A62E8E29C2B17200BC45D0 /* Assets.xcassets */; };
		14A62E9229C2B17200BC45D0 /* LaunchScreen.storyboard in Resources */ = {isa = PBXBuildFile; fileRef = 14A62E9029C2B17200BC45D0 /* LaunchScreen.storyboard */; };
		14A62E9D29C2B17200BC45D0 /* testTests.swift in Sources */ = {isa = PBXBuildFile; fileRef = 14A62E9C29C2B17200BC45D0 /* testTests.swift */; };
		14A62EA729C2B17200BC45D0 /* testUITests.swift in Sources */ = {isa = PBXBuildFile; fileRef = 14A62EA629C2B17200BC45D0 /* testUITests.swift */; };
		14A62EA929C2B17200BC45D0 /* testUITestsLaunchTests.swift in Sources */ = {isa = PBXBuildFile; fileRef = 14A62EA829C2B17200BC45D0 /* testUITestsLaunchTests.swift */; };
		71B92D7C960E7FFFDD2C98A0 /* Pods_test_testUITests.framework in Frameworks */ = {isa = PBXBuildFile; fileRef = E95DF0B441271053AFC51E25 /* Pods_test_testUITests.framework */; };
		84DE00532B735B39F63573C6 /* Pods_test.framework in Frameworks */ = {isa = PBXBuildFile; fileRef = 831380A12188D1241BD9F51E /* Pods_test.framework */; };
/* End PBXBuildFile section */

/* Begin PBXContainerItemProxy section */
		14A62E9929C2B17200BC45D0 /* PBXContainerItemProxy */ = {
			isa = PBXContainerItemProxy;
			containerPortal = 14A62E7A29C2B17100BC45D0 /* Project object */;
			proxyType = 1;
			remoteGlobalIDString = 14A62E8129C2B17100BC45D0;
			remoteInfo = test;
		};
		14A62EA329C2B17200BC45D0 /* PBXContainerItemProxy */ = {
			isa = PBXContainerItemProxy;
			containerPortal = 14A62E7A29C2B17100BC45D0 /* Project object */;
			proxyType = 1;
			remoteGlobalIDString = 14A62E8129C2B17100BC45D0;
			remoteInfo = test;
		};
/* End PBXContainerItemProxy section */

/* Begin PBXFileReference section */
		0738079AF68239630D5929C3 /* Pods-testTests.debug.xcconfig */ = {isa = PBXFileReference; includeInIndex = 1; lastKnownFileType = text.xcconfig; name = "Pods-testTests.debug.xcconfig"; path = "Target Support Files/Pods-testTests/Pods-testTests.debug.xcconfig"; sourceTree = "<group>"; };
		0B22A1EA6A6C84277C81CD91 /* Pods_testTests.framework */ = {isa = PBXFileReference; explicitFileType = wrapper.framework; includeInIndex = 0; path = Pods_testTests.framework; sourceTree = BUILT_PRODUCTS_DIR; };
		1442161729C2B5F0007866BE /* NetworkingService.swift */ = {isa = PBXFileReference; lastKnownFileType = sourcecode.swift; path = NetworkingService.swift; sourceTree = "<group>"; };
		1442161929C2CE7B007866BE /* NetworkConstants.swift */ = {isa = PBXFileReference; lastKnownFileType = sourcecode.swift; path = NetworkConstants.swift; sourceTree = "<group>"; };
		1442161B29C2CEDA007866BE /* DashboardModel.swift */ = {isa = PBXFileReference; lastKnownFileType = sourcecode.swift; path = DashboardModel.swift; sourceTree = "<group>"; };
		14A62E8229C2B17200BC45D0 /* test.app */ = {isa = PBXFileReference; explicitFileType = wrapper.application; includeInIndex = 0; path = test.app; sourceTree = BUILT_PRODUCTS_DIR; };
		14A62E8529C2B17200BC45D0 /* AppDelegate.swift */ = {isa = PBXFileReference; lastKnownFileType = sourcecode.swift; path = AppDelegate.swift; sourceTree = "<group>"; };
		14A62E8729C2B17200BC45D0 /* SceneDelegate.swift */ = {isa = PBXFileReference; lastKnownFileType = sourcecode.swift; path = SceneDelegate.swift; sourceTree = "<group>"; };
		14A62E8929C2B17200BC45D0 /* ViewController.swift */ = {isa = PBXFileReference; lastKnownFileType = sourcecode.swift; path = ViewController.swift; sourceTree = "<group>"; };
		14A62E8C29C2B17200BC45D0 /* Base */ = {isa = PBXFileReference; lastKnownFileType = file.storyboard; name = Base; path = Base.lproj/Main.storyboard; sourceTree = "<group>"; };
		14A62E8E29C2B17200BC45D0 /* Assets.xcassets */ = {isa = PBXFileReference; lastKnownFileType = folder.assetcatalog; path = Assets.xcassets; sourceTree = "<group>"; };
		14A62E9129C2B17200BC45D0 /* Base */ = {isa = PBXFileReference; lastKnownFileType = file.storyboard; name = Base; path = Base.lproj/LaunchScreen.storyboard; sourceTree = "<group>"; };
		14A62E9329C2B17200BC45D0 /* Info.plist */ = {isa = PBXFileReference; lastKnownFileType = text.plist.xml; path = Info.plist; sourceTree = "<group>"; };
		14A62E9829C2B17200BC45D0 /* testTests.xctest */ = {isa = PBXFileReference; explicitFileType = wrapper.cfbundle; includeInIndex = 0; path = testTests.xctest; sourceTree = BUILT_PRODUCTS_DIR; };
		14A62E9C29C2B17200BC45D0 /* testTests.swift */ = {isa = PBXFileReference; lastKnownFileType = sourcecode.swift; path = testTests.swift; sourceTree = "<group>"; };
		14A62EA229C2B17200BC45D0 /* testUITests.xctest */ = {isa = PBXFileReference; explicitFileType = wrapper.cfbundle; includeInIndex = 0; path = testUITests.xctest; sourceTree = BUILT_PRODUCTS_DIR; };
		14A62EA629C2B17200BC45D0 /* testUITests.swift */ = {isa = PBXFileReference; lastKnownFileType = sourcecode.swift; path = testUITests.swift; sourceTree = "<group>"; };
		14A62EA829C2B17200BC45D0 /* testUITestsLaunchTests.swift */ = {isa = PBXFileReference; lastKnownFileType = sourcecode.swift; path = testUITestsLaunchTests.swift; sourceTree = "<group>"; };
		606ED9EB90DD76A3E3010F38 /* Pods-test.release.xcconfig */ = {isa = PBXFileReference; includeInIndex = 1; lastKnownFileType = text.xcconfig; name = "Pods-test.release.xcconfig"; path = "Target Support Files/Pods-test/Pods-test.release.xcconfig"; sourceTree = "<group>"; };
		831380A12188D1241BD9F51E /* Pods_test.framework */ = {isa = PBXFileReference; explicitFileType = wrapper.framework; includeInIndex = 0; path = Pods_test.framework; sourceTree = BUILT_PRODUCTS_DIR; };
		B9A625B714199D72D2DADBE4 /* Pods-test-testUITests.release.xcconfig */ = {isa = PBXFileReference; includeInIndex = 1; lastKnownFileType = text.xcconfig; name = "Pods-test-testUITests.release.xcconfig"; path = "Target Support Files/Pods-test-testUITests/Pods-test-testUITests.release.xcconfig"; sourceTree = "<group>"; };
		CE324D3948D1DBBCFF4FC93A /* Pods-test.debug.xcconfig */ = {isa = PBXFileReference; includeInIndex = 1; lastKnownFileType = text.xcconfig; name = "Pods-test.debug.xcconfig"; path = "Target Support Files/Pods-test/Pods-test.debug.xcconfig"; sourceTree = "<group>"; };
		D424DFFF01FCBED199B63242 /* Pods-testTests.release.xcconfig */ = {isa = PBXFileReference; includeInIndex = 1; lastKnownFileType = text.xcconfig; name = "Pods-testTests.release.xcconfig"; path = "Target Support Files/Pods-testTests/Pods-testTests.release.xcconfig"; sourceTree = "<group>"; };
		E1BDCD0794F5535E952F738C /* Pods-test-testUITests.debug.xcconfig */ = {isa = PBXFileReference; includeInIndex = 1; lastKnownFileType = text.xcconfig; name = "Pods-test-testUITests.debug.xcconfig"; path = "Target Support Files/Pods-test-testUITests/Pods-test-testUITests.debug.xcconfig"; sourceTree = "<group>"; };
		E95DF0B441271053AFC51E25 /* Pods_test_testUITests.framework */ = {isa = PBXFileReference; explicitFileType = wrapper.framework; includeInIndex = 0; path = Pods_test_testUITests.framework; sourceTree = BUILT_PRODUCTS_DIR; };
/* End PBXFileReference section */

/* Begin PBXFrameworksBuildPhase section */
		14A62E7F29C2B17100BC45D0 /* Frameworks */ = {
			isa = PBXFrameworksBuildPhase;
			buildActionMask = 2147483647;
			files = (
				84DE00532B735B39F63573C6 /* Pods_test.framework in Frameworks */,
			);
			runOnlyForDeploymentPostprocessing = 0;
		};
		14A62E9529C2B17200BC45D0 /* Frameworks */ = {
			isa = PBXFrameworksBuildPhase;
			buildActionMask = 2147483647;
			files = (
				0E4902CEFF245F3FE5D4D25B /* Pods_testTests.framework in Frameworks */,
			);
			runOnlyForDeploymentPostprocessing = 0;
		};
		14A62E9F29C2B17200BC45D0 /* Frameworks */ = {
			isa = PBXFrameworksBuildPhase;
			buildActionMask = 2147483647;
			files = (
				71B92D7C960E7FFFDD2C98A0 /* Pods_test_testUITests.framework in Frameworks */,
			);
			runOnlyForDeploymentPostprocessing = 0;
		};
/* End PBXFrameworksBuildPhase section */

/* Begin PBXGroup section */
		14A62E7929C2B17100BC45D0 = {
			isa = PBXGroup;
			children = (
				14A62E8429C2B17200BC45D0 /* test */,
				14A62E9B29C2B17200BC45D0 /* testTests */,
				14A62EA529C2B17200BC45D0 /* testUITests */,
				14A62E8329C2B17200BC45D0 /* Products */,
				32C09AF8938E1E3350912339 /* Pods */,
				33611CDEB6DC4F73EA75ED22 /* Frameworks */,
			);
			sourceTree = "<group>";
		};
		14A62E8329C2B17200BC45D0 /* Products */ = {
			isa = PBXGroup;
			children = (
				14A62E8229C2B17200BC45D0 /* test.app */,
				14A62E9829C2B17200BC45D0 /* testTests.xctest */,
				14A62EA229C2B17200BC45D0 /* testUITests.xctest */,
			);
			name = Products;
			sourceTree = "<group>";
		};
		14A62E8429C2B17200BC45D0 /* test */ = {
			isa = PBXGroup;
			children = (
				14A62E8529C2B17200BC45D0 /* AppDelegate.swift */,
				14A62E8729C2B17200BC45D0 /* SceneDelegate.swift */,
				14A62E8929C2B17200BC45D0 /* ViewController.swift */,
				14A62E8B29C2B17200BC45D0 /* Main.storyboard */,
				14A62E8E29C2B17200BC45D0 /* Assets.xcassets */,
				14A62E9029C2B17200BC45D0 /* LaunchScreen.storyboard */,
				14A62E9329C2B17200BC45D0 /* Info.plist */,
				1442161729C2B5F0007866BE /* NetworkingService.swift */,
				1442161929C2CE7B007866BE /* NetworkConstants.swift */,
				1442161B29C2CEDA007866BE /* DashboardModel.swift */,
			);
			path = test;
			sourceTree = "<group>";
		};
		14A62E9B29C2B17200BC45D0 /* testTests */ = {
			isa = PBXGroup;
			children = (
				14A62E9C29C2B17200BC45D0 /* testTests.swift */,
			);
			path = testTests;
			sourceTree = "<group>";
		};
		14A62EA529C2B17200BC45D0 /* testUITests */ = {
			isa = PBXGroup;
			children = (
				14A62EA629C2B17200BC45D0 /* testUITests.swift */,
				14A62EA829C2B17200BC45D0 /* testUITestsLaunchTests.swift */,
			);
			path = testUITests;
			sourceTree = "<group>";
		};
		32C09AF8938E1E3350912339 /* Pods */ = {
			isa = PBXGroup;
			children = (
				CE324D3948D1DBBCFF4FC93A /* Pods-test.debug.xcconfig */,
				606ED9EB90DD76A3E3010F38 /* Pods-test.release.xcconfig */,
				E1BDCD0794F5535E952F738C /* Pods-test-testUITests.debug.xcconfig */,
				B9A625B714199D72D2DADBE4 /* Pods-test-testUITests.release.xcconfig */,
				0738079AF68239630D5929C3 /* Pods-testTests.debug.xcconfig */,
				D424DFFF01FCBED199B63242 /* Pods-testTests.release.xcconfig */,
			);
			path = Pods;
			sourceTree = "<group>";
		};
		33611CDEB6DC4F73EA75ED22 /* Frameworks */ = {
			isa = PBXGroup;
			children = (
				831380A12188D1241BD9F51E /* Pods_test.framework */,
				E95DF0B441271053AFC51E25 /* Pods_test_testUITests.framework */,
				0B22A1EA6A6C84277C81CD91 /* Pods_testTests.framework */,
			);
			name = Frameworks;
			sourceTree = "<group>";
		};
/* End PBXGroup section */

/* Begin PBXNativeTarget section */
		14A62E8129C2B17100BC45D0 /* test */ = {
			isa = PBXNativeTarget;
			buildConfigurationList = 14A62EAC29C2B17200BC45D0 /* Build configuration list for PBXNativeTarget "test" */;
			buildPhases = (
				7996E80D3698D92AD7DAFE37 /* [CP] Check Pods Manifest.lock */,
				14A62E7E29C2B17100BC45D0 /* Sources */,
				14A62E7F29C2B17100BC45D0 /* Frameworks */,
				14A62E8029C2B17100BC45D0 /* Resources */,
				B9C801473594486784387649 /* [CP] Embed Pods Frameworks */,
			);
			buildRules = (
			);
			dependencies = (
			);
			name = test;
			productName = test;
			productReference = 14A62E8229C2B17200BC45D0 /* test.app */;
			productType = "com.apple.product-type.application";
		};
		14A62E9729C2B17200BC45D0 /* testTests */ = {
			isa = PBXNativeTarget;
			buildConfigurationList = 14A62EAF29C2B17200BC45D0 /* Build configuration list for PBXNativeTarget "testTests" */;
			buildPhases = (
				2B740430255A1125B10FAFB5 /* [CP] Check Pods Manifest.lock */,
				14A62E9429C2B17200BC45D0 /* Sources */,
				14A62E9529C2B17200BC45D0 /* Frameworks */,
				14A62E9629C2B17200BC45D0 /* Resources */,
			);
			buildRules = (
			);
			dependencies = (
				14A62E9A29C2B17200BC45D0 /* PBXTargetDependency */,
			);
			name = testTests;
			productName = testTests;
			productReference = 14A62E9829C2B17200BC45D0 /* testTests.xctest */;
			productType = "com.apple.product-type.bundle.unit-test";
		};
		14A62EA129C2B17200BC45D0 /* testUITests */ = {
			isa = PBXNativeTarget;
			buildConfigurationList = 14A62EB229C2B17200BC45D0 /* Build configuration list for PBXNativeTarget "testUITests" */;
			buildPhases = (
				F419D5AD66759598043ACF59 /* [CP] Check Pods Manifest.lock */,
				14A62E9E29C2B17200BC45D0 /* Sources */,
				14A62E9F29C2B17200BC45D0 /* Frameworks */,
				14A62EA029C2B17200BC45D0 /* Resources */,
				788F616FFF4BD47163B1A98D /* [CP] Embed Pods Frameworks */,
			);
			buildRules = (
			);
			dependencies = (
				14A62EA429C2B17200BC45D0 /* PBXTargetDependency */,
			);
			name = testUITests;
			productName = testUITests;
			productReference = 14A62EA229C2B17200BC45D0 /* testUITests.xctest */;
			productType = "com.apple.product-type.bundle.ui-testing";
		};
/* End PBXNativeTarget section */

/* Begin PBXProject section */
		14A62E7A29C2B17100BC45D0 /* Project object */ = {
			isa = PBXProject;
			attributes = {
				BuildIndependentTargetsInParallel = 1;
				LastSwiftUpdateCheck = 1420;
				LastUpgradeCheck = 1420;
				TargetAttributes = {
					14A62E8129C2B17100BC45D0 = {
						CreatedOnToolsVersion = 14.2;
					};
					14A62E9729C2B17200BC45D0 = {
						CreatedOnToolsVersion = 14.2;
						TestTargetID = 14A62E8129C2B17100BC45D0;
					};
					14A62EA129C2B17200BC45D0 = {
						CreatedOnToolsVersion = 14.2;
						TestTargetID = 14A62E8129C2B17100BC45D0;
					};
				};
			};
			buildConfigurationList = 14A62E7D29C2B17100BC45D0 /* Build configuration list for PBXProject "test" */;
			compatibilityVersion = "Xcode 14.0";
			developmentRegion = en;
			hasScannedForEncodings = 0;
			knownRegions = (
				en,
				Base,
			);
			mainGroup = 14A62E7929C2B17100BC45D0;
			productRefGroup = 14A62E8329C2B17200BC45D0 /* Products */;
			projectDirPath = "";
			projectRoot = "";
			targets = (
				14A62E8129C2B17100BC45D0 /* test */,
				14A62E9729C2B17200BC45D0 /* testTests */,
				14A62EA129C2B17200BC45D0 /* testUITests */,
			);
		};
/* End PBXProject section */

/* Begin PBXResourcesBuildPhase section */
		14A62E8029C2B17100BC45D0 /* Resources */ = {
			isa = PBXResourcesBuildPhase;
			buildActionMask = 2147483647;
			files = (
				14A62E9229C2B17200BC45D0 /* LaunchScreen.storyboard in Resources */,
				14A62E8F29C2B17200BC45D0 /* Assets.xcassets in Resources */,
				14A62E8D29C2B17200BC45D0 /* Main.storyboard in Resources */,
			);
			runOnlyForDeploymentPostprocessing = 0;
		};
		14A62E9629C2B17200BC45D0 /* Resources */ = {
			isa = PBXResourcesBuildPhase;
			buildActionMask = 2147483647;
			files = (
			);
			runOnlyForDeploymentPostprocessing = 0;
		};
		14A62EA029C2B17200BC45D0 /* Resources */ = {
			isa = PBXResourcesBuildPhase;
			buildActionMask = 2147483647;
			files = (
			);
			runOnlyForDeploymentPostprocessing = 0;
		};
/* End PBXResourcesBuildPhase section */

/* Begin PBXShellScriptBuildPhase section */
		2B740430255A1125B10FAFB5 /* [CP] Check Pods Manifest.lock */ = {
			isa = PBXShellScriptBuildPhase;
			buildActionMask = 2147483647;
			files = (
			);
			inputFileListPaths = (
			);
			inputPaths = (
				"${PODS_PODFILE_DIR_PATH}/Podfile.lock",
				"${PODS_ROOT}/Manifest.lock",
			);
			name = "[CP] Check Pods Manifest.lock";
			outputFileListPaths = (
			);
			outputPaths = (
				"$(DERIVED_FILE_DIR)/Pods-testTests-checkManifestLockResult.txt",
			);
			runOnlyForDeploymentPostprocessing = 0;
			shellPath = /bin/sh;
			shellScript = "diff \"${PODS_PODFILE_DIR_PATH}/Podfile.lock\" \"${PODS_ROOT}/Manifest.lock\" > /dev/null\nif [ $? != 0 ] ; then\n    # print error to STDERR\n    echo \"error: The sandbox is not in sync with the Podfile.lock. Run 'pod install' or update your CocoaPods installation.\" >&2\n    exit 1\nfi\n# This output is used by Xcode 'outputs' to avoid re-running this script phase.\necho \"SUCCESS\" > \"${SCRIPT_OUTPUT_FILE_0}\"\n";
			showEnvVarsInLog = 0;
		};
		788F616FFF4BD47163B1A98D /* [CP] Embed Pods Frameworks */ = {
			isa = PBXShellScriptBuildPhase;
			buildActionMask = 2147483647;
			files = (
			);
			inputFileListPaths = (
				"${PODS_ROOT}/Target Support Files/Pods-test-testUITests/Pods-test-testUITests-frameworks-${CONFIGURATION}-input-files.xcfilelist",
			);
			name = "[CP] Embed Pods Frameworks";
			outputFileListPaths = (
				"${PODS_ROOT}/Target Support Files/Pods-test-testUITests/Pods-test-testUITests-frameworks-${CONFIGURATION}-output-files.xcfilelist",
			);
			runOnlyForDeploymentPostprocessing = 0;
			shellPath = /bin/sh;
			shellScript = "\"${PODS_ROOT}/Target Support Files/Pods-test-testUITests/Pods-test-testUITests-frameworks.sh\"\n";
			showEnvVarsInLog = 0;
		};
		7996E80D3698D92AD7DAFE37 /* [CP] Check Pods Manifest.lock */ = {
			isa = PBXShellScriptBuildPhase;
			buildActionMask = 2147483647;
			files = (
			);
			inputFileListPaths = (
			);
			inputPaths = (
				"${PODS_PODFILE_DIR_PATH}/Podfile.lock",
				"${PODS_ROOT}/Manifest.lock",
			);
			name = "[CP] Check Pods Manifest.lock";
			outputFileListPaths = (
			);
			outputPaths = (
				"$(DERIVED_FILE_DIR)/Pods-test-checkManifestLockResult.txt",
			);
			runOnlyForDeploymentPostprocessing = 0;
			shellPath = /bin/sh;
			shellScript = "diff \"${PODS_PODFILE_DIR_PATH}/Podfile.lock\" \"${PODS_ROOT}/Manifest.lock\" > /dev/null\nif [ $? != 0 ] ; then\n    # print error to STDERR\n    echo \"error: The sandbox is not in sync with the Podfile.lock. Run 'pod install' or update your CocoaPods installation.\" >&2\n    exit 1\nfi\n# This output is used by Xcode 'outputs' to avoid re-running this script phase.\necho \"SUCCESS\" > \"${SCRIPT_OUTPUT_FILE_0}\"\n";
			showEnvVarsInLog = 0;
		};
		B9C801473594486784387649 /* [CP] Embed Pods Frameworks */ = {
			isa = PBXShellScriptBuildPhase;
			buildActionMask = 2147483647;
			files = (
			);
			inputFileListPaths = (
				"${PODS_ROOT}/Target Support Files/Pods-test/Pods-test-frameworks-${CONFIGURATION}-input-files.xcfilelist",
			);
			name = "[CP] Embed Pods Frameworks";
			outputFileListPaths = (
				"${PODS_ROOT}/Target Support Files/Pods-test/Pods-test-frameworks-${CONFIGURATION}-output-files.xcfilelist",
			);
			runOnlyForDeploymentPostprocessing = 0;
			shellPath = /bin/sh;
			shellScript = "\"${PODS_ROOT}/Target Support Files/Pods-test/Pods-test-frameworks.sh\"\n";
			showEnvVarsInLog = 0;
		};
		F419D5AD66759598043ACF59 /* [CP] Check Pods Manifest.lock */ = {
			isa = PBXShellScriptBuildPhase;
			buildActionMask = 2147483647;
			files = (
			);
			inputFileListPaths = (
			);
			inputPaths = (
				"${PODS_PODFILE_DIR_PATH}/Podfile.lock",
				"${PODS_ROOT}/Manifest.lock",
			);
			name = "[CP] Check Pods Manifest.lock";
			outputFileListPaths = (
			);
			outputPaths = (
				"$(DERIVED_FILE_DIR)/Pods-test-testUITests-checkManifestLockResult.txt",
			);
			runOnlyForDeploymentPostprocessing = 0;
			shellPath = /bin/sh;
			shellScript = "diff \"${PODS_PODFILE_DIR_PATH}/Podfile.lock\" \"${PODS_ROOT}/Manifest.lock\" > /dev/null\nif [ $? != 0 ] ; then\n    # print error to STDERR\n    echo \"error: The sandbox is not in sync with the Podfile.lock. Run 'pod install' or update your CocoaPods installation.\" >&2\n    exit 1\nfi\n# This output is used by Xcode 'outputs' to avoid re-running this script phase.\necho \"SUCCESS\" > \"${SCRIPT_OUTPUT_FILE_0}\"\n";
			showEnvVarsInLog = 0;
		};
/* End PBXShellScriptBuildPhase section */

/* Begin PBXSourcesBuildPhase section */
		14A62E7E29C2B17100BC45D0 /* Sources */ = {
			isa = PBXSourcesBuildPhase;
			buildActionMask = 2147483647;
			files = (
				14A62E8A29C2B17200BC45D0 /* ViewController.swift in Sources */,
				14A62E8629C2B17200BC45D0 /* AppDelegate.swift in Sources */,
				1442161A29C2CE7B007866BE /* NetworkConstants.swift in Sources */,
				14A62E8829C2B17200BC45D0 /* SceneDelegate.swift in Sources */,
				1442161C29C2CEDA007866BE /* DashboardModel.swift in Sources */,
				1442161829C2B5F0007866BE /* NetworkingService.swift in Sources */,
			);
			runOnlyForDeploymentPostprocessing = 0;
		};
		14A62E9429C2B17200BC45D0 /* Sources */ = {
			isa = PBXSourcesBuildPhase;
			buildActionMask = 2147483647;
			files = (
				14A62E9D29C2B17200BC45D0 /* testTests.swift in Sources */,
			);
			runOnlyForDeploymentPostprocessing = 0;
		};
		14A62E9E29C2B17200BC45D0 /* Sources */ = {
			isa = PBXSourcesBuildPhase;
			buildActionMask = 2147483647;
			files = (
				14A62EA929C2B17200BC45D0 /* testUITestsLaunchTests.swift in Sources */,
				14A62EA729C2B17200BC45D0 /* testUITests.swift in Sources */,
			);
			runOnlyForDeploymentPostprocessing = 0;
		};
/* End PBXSourcesBuildPhase section */

/* Begin PBXTargetDependency section */
		14A62E9A29C2B17200BC45D0 /* PBXTargetDependency */ = {
			isa = PBXTargetDependency;
			target = 14A62E8129C2B17100BC45D0 /* test */;
			targetProxy = 14A62E9929C2B17200BC45D0 /* PBXContainerItemProxy */;
		};
		14A62EA429C2B17200BC45D0 /* PBXTargetDependency */ = {
			isa = PBXTargetDependency;
			target = 14A62E8129C2B17100BC45D0 /* test */;
			targetProxy = 14A62EA329C2B17200BC45D0 /* PBXContainerItemProxy */;
		};
/* End PBXTargetDependency section */

/* Begin PBXVariantGroup section */
		14A62E8B29C2B17200BC45D0 /* Main.storyboard */ = {
			isa = PBXVariantGroup;
			children = (
				14A62E8C29C2B17200BC45D0 /* Base */,
			);
			name = Main.storyboard;
			sourceTree = "<group>";
		};
		14A62E9029C2B17200BC45D0 /* LaunchScreen.storyboard */ = {
			isa = PBXVariantGroup;
			children = (
				14A62E9129C2B17200BC45D0 /* Base */,
			);
			name = LaunchScreen.storyboard;
			sourceTree = "<group>";
		};
/* End PBXVariantGroup section */

/* Begin XCBuildConfiguration section */
		14A62EAA29C2B17200BC45D0 /* Debug */ = {
			isa = XCBuildConfiguration;
			buildSettings = {
				ALWAYS_SEARCH_USER_PATHS = NO;
				CLANG_ANALYZER_NONNULL = YES;
				CLANG_ANALYZER_NUMBER_OBJECT_CONVERSION = YES_AGGRESSIVE;
				CLANG_CXX_LANGUAGE_STANDARD = "gnu++20";
				CLANG_ENABLE_MODULES = YES;
				CLANG_ENABLE_OBJC_ARC = YES;
				CLANG_ENABLE_OBJC_WEAK = YES;
				CLANG_WARN_BLOCK_CAPTURE_AUTORELEASING = YES;
				CLANG_WARN_BOOL_CONVERSION = YES;
				CLANG_WARN_COMMA = YES;
				CLANG_WARN_CONSTANT_CONVERSION = YES;
				CLANG_WARN_DEPRECATED_OBJC_IMPLEMENTATIONS = YES;
				CLANG_WARN_DIRECT_OBJC_ISA_USAGE = YES_ERROR;
				CLANG_WARN_DOCUMENTATION_COMMENTS = YES;
				CLANG_WARN_EMPTY_BODY = YES;
				CLANG_WARN_ENUM_CONVERSION = YES;
				CLANG_WARN_INFINITE_RECURSION = YES;
				CLANG_WARN_INT_CONVERSION = YES;
				CLANG_WARN_NON_LITERAL_NULL_CONVERSION = YES;
				CLANG_WARN_OBJC_IMPLICIT_RETAIN_SELF = YES;
				CLANG_WARN_OBJC_LITERAL_CONVERSION = YES;
				CLANG_WARN_OBJC_ROOT_CLASS = YES_ERROR;
				CLANG_WARN_QUOTED_INCLUDE_IN_FRAMEWORK_HEADER = YES;
				CLANG_WARN_RANGE_LOOP_ANALYSIS = YES;
				CLANG_WARN_STRICT_PROTOTYPES = YES;
				CLANG_WARN_SUSPICIOUS_MOVE = YES;
				CLANG_WARN_UNGUARDED_AVAILABILITY = YES_AGGRESSIVE;
				CLANG_WARN_UNREACHABLE_CODE = YES;
				CLANG_WARN__DUPLICATE_METHOD_MATCH = YES;
				COPY_PHASE_STRIP = NO;
				DEBUG_INFORMATION_FORMAT = dwarf;
				ENABLE_STRICT_OBJC_MSGSEND = YES;
				ENABLE_TESTABILITY = YES;
				GCC_C_LANGUAGE_STANDARD = gnu11;
				GCC_DYNAMIC_NO_PIC = NO;
				GCC_NO_COMMON_BLOCKS = YES;
				GCC_OPTIMIZATION_LEVEL = 0;
				GCC_PREPROCESSOR_DEFINITIONS = (
					"DEBUG=1",
					"$(inherited)",
				);
				GCC_WARN_64_TO_32_BIT_CONVERSION = YES;
				GCC_WARN_ABOUT_RETURN_TYPE = YES_ERROR;
				GCC_WARN_UNDECLARED_SELECTOR = YES;
				GCC_WARN_UNINITIALIZED_AUTOS = YES_AGGRESSIVE;
				GCC_WARN_UNUSED_FUNCTION = YES;
				GCC_WARN_UNUSED_VARIABLE = YES;
				IPHONEOS_DEPLOYMENT_TARGET = 16.2;
				MTL_ENABLE_DEBUG_INFO = INCLUDE_SOURCE;
				MTL_FAST_MATH = YES;
				ONLY_ACTIVE_ARCH = YES;
				SDKROOT = iphoneos;
				SWIFT_ACTIVE_COMPILATION_CONDITIONS = DEBUG;
				SWIFT_OPTIMIZATION_LEVEL = "-Onone";
			};
			name = Debug;
		};
		14A62EAB29C2B17200BC45D0 /* Release */ = {
			isa = XCBuildConfiguration;
			buildSettings = {
				ALWAYS_SEARCH_USER_PATHS = NO;
				CLANG_ANALYZER_NONNULL = YES;
				CLANG_ANALYZER_NUMBER_OBJECT_CONVERSION = YES_AGGRESSIVE;
				CLANG_CXX_LANGUAGE_STANDARD = "gnu++20";
				CLANG_ENABLE_MODULES = YES;
				CLANG_ENABLE_OBJC_ARC = YES;
				CLANG_ENABLE_OBJC_WEAK = YES;
				CLANG_WARN_BLOCK_CAPTURE_AUTORELEASING = YES;
				CLANG_WARN_BOOL_CONVERSION = YES;
				CLANG_WARN_COMMA = YES;
				CLANG_WARN_CONSTANT_CONVERSION = YES;
				CLANG_WARN_DEPRECATED_OBJC_IMPLEMENTATIONS = YES;
				CLANG_WARN_DIRECT_OBJC_ISA_USAGE = YES_ERROR;
				CLANG_WARN_DOCUMENTATION_COMMENTS = YES;
				CLANG_WARN_EMPTY_BODY = YES;
				CLANG_WARN_ENUM_CONVERSION = YES;
				CLANG_WARN_INFINITE_RECURSION = YES;
				CLANG_WARN_INT_CONVERSION = YES;
				CLANG_WARN_NON_LITERAL_NULL_CONVERSION = YES;
				CLANG_WARN_OBJC_IMPLICIT_RETAIN_SELF = YES;
				CLANG_WARN_OBJC_LITERAL_CONVERSION = YES;
				CLANG_WARN_OBJC_ROOT_CLASS = YES_ERROR;
				CLANG_WARN_QUOTED_INCLUDE_IN_FRAMEWORK_HEADER = YES;
				CLANG_WARN_RANGE_LOOP_ANALYSIS = YES;
				CLANG_WARN_STRICT_PROTOTYPES = YES;
				CLANG_WARN_SUSPICIOUS_MOVE = YES;
				CLANG_WARN_UNGUARDED_AVAILABILITY = YES_AGGRESSIVE;
				CLANG_WARN_UNREACHABLE_CODE = YES;
				CLANG_WARN__DUPLICATE_METHOD_MATCH = YES;
				COPY_PHASE_STRIP = NO;
				DEBUG_INFORMATION_FORMAT = "dwarf-with-dsym";
				ENABLE_NS_ASSERTIONS = NO;
				ENABLE_STRICT_OBJC_MSGSEND = YES;
				GCC_C_LANGUAGE_STANDARD = gnu11;
				GCC_NO_COMMON_BLOCKS = YES;
				GCC_WARN_64_TO_32_BIT_CONVERSION = YES;
				GCC_WARN_ABOUT_RETURN_TYPE = YES_ERROR;
				GCC_WARN_UNDECLARED_SELECTOR = YES;
				GCC_WARN_UNINITIALIZED_AUTOS = YES_AGGRESSIVE;
				GCC_WARN_UNUSED_FUNCTION = YES;
				GCC_WARN_UNUSED_VARIABLE = YES;
				IPHONEOS_DEPLOYMENT_TARGET = 16.2;
				MTL_ENABLE_DEBUG_INFO = NO;
				MTL_FAST_MATH = YES;
				SDKROOT = iphoneos;
				SWIFT_COMPILATION_MODE = wholemodule;
				SWIFT_OPTIMIZATION_LEVEL = "-O";
				VALIDATE_PRODUCT = YES;
			};
			name = Release;
		};
		14A62EAD29C2B17200BC45D0 /* Debug */ = {
			isa = XCBuildConfiguration;
			baseConfigurationReference = CE324D3948D1DBBCFF4FC93A /* Pods-test.debug.xcconfig */;
			buildSettings = {
				ASSETCATALOG_COMPILER_APPICON_NAME = AppIcon;
				ASSETCATALOG_COMPILER_GLOBAL_ACCENT_COLOR_NAME = AccentColor;
				CODE_SIGN_STYLE = Automatic;
				CURRENT_PROJECT_VERSION = 1;
				GENERATE_INFOPLIST_FILE = YES;
				INFOPLIST_FILE = test/Info.plist;
				INFOPLIST_KEY_UIApplicationSupportsIndirectInputEvents = YES;
				INFOPLIST_KEY_UILaunchStoryboardName = LaunchScreen;
				INFOPLIST_KEY_UIMainStoryboardFile = Main;
				INFOPLIST_KEY_UISupportedInterfaceOrientations_iPad = "UIInterfaceOrientationPortrait UIInterfaceOrientationPortraitUpsideDown UIInterfaceOrientationLandscapeLeft UIInterfaceOrientationLandscapeRight";
				INFOPLIST_KEY_UISupportedInterfaceOrientations_iPhone = "UIInterfaceOrientationPortrait UIInterfaceOrientationLandscapeLeft UIInterfaceOrientationLandscapeRight";
				LD_RUNPATH_SEARCH_PATHS = (
					"$(inherited)",
					"@executable_path/Frameworks",
				);
				MARKETING_VERSION = 1.0;
				PRODUCT_BUNDLE_IDENTIFIER = alonso.test;
				PRODUCT_NAME = "$(TARGET_NAME)";
				SWIFT_EMIT_LOC_STRINGS = YES;
				SWIFT_VERSION = 5.0;
				TARGETED_DEVICE_FAMILY = "1,2";
			};
			name = Debug;
		};
		14A62EAE29C2B17200BC45D0 /* Release */ = {
			isa = XCBuildConfiguration;
			baseConfigurationReference = 606ED9EB90DD76A3E3010F38 /* Pods-test.release.xcconfig */;
			buildSettings = {
				ASSETCATALOG_COMPILER_APPICON_NAME = AppIcon;
				ASSETCATALOG_COMPILER_GLOBAL_ACCENT_COLOR_NAME = AccentColor;
				CODE_SIGN_STYLE = Automatic;
				CURRENT_PROJECT_VERSION = 1;
				GENERATE_INFOPLIST_FILE = YES;
				INFOPLIST_FILE = test/Info.plist;
				INFOPLIST_KEY_UIApplicationSupportsIndirectInputEvents = YES;
				INFOPLIST_KEY_UILaunchStoryboardName = LaunchScreen;
				INFOPLIST_KEY_UIMainStoryboardFile = Main;
				INFOPLIST_KEY_UISupportedInterfaceOrientations_iPad = "UIInterfaceOrientationPortrait UIInterfaceOrientationPortraitUpsideDown UIInterfaceOrientationLandscapeLeft UIInterfaceOrientationLandscapeRight";
				INFOPLIST_KEY_UISupportedInterfaceOrientations_iPhone = "UIInterfaceOrientationPortrait UIInterfaceOrientationLandscapeLeft UIInterfaceOrientationLandscapeRight";
				LD_RUNPATH_SEARCH_PATHS = (
					"$(inherited)",
					"@executable_path/Frameworks",
				);
				MARKETING_VERSION = 1.0;
				PRODUCT_BUNDLE_IDENTIFIER = alonso.test;
				PRODUCT_NAME = "$(TARGET_NAME)";
				SWIFT_EMIT_LOC_STRINGS = YES;
				SWIFT_VERSION = 5.0;
				TARGETED_DEVICE_FAMILY = "1,2";
			};
			name = Release;
		};
		14A62EB029C2B17200BC45D0 /* Debug */ = {
			isa = XCBuildConfiguration;
			baseConfigurationReference = 0738079AF68239630D5929C3 /* Pods-testTests.debug.xcconfig */;
			buildSettings = {
				ALWAYS_EMBED_SWIFT_STANDARD_LIBRARIES = YES;
				BUNDLE_LOADER = "$(TEST_HOST)";
				CODE_SIGN_STYLE = Automatic;
				CURRENT_PROJECT_VERSION = 1;
				GENERATE_INFOPLIST_FILE = YES;
				IPHONEOS_DEPLOYMENT_TARGET = 16.2;
				MARKETING_VERSION = 1.0;
				PRODUCT_BUNDLE_IDENTIFIER = alonso.testTests;
				PRODUCT_NAME = "$(TARGET_NAME)";
				SWIFT_EMIT_LOC_STRINGS = NO;
				SWIFT_VERSION = 5.0;
				TARGETED_DEVICE_FAMILY = "1,2";
				TEST_HOST = "$(BUILT_PRODUCTS_DIR)/test.app/$(BUNDLE_EXECUTABLE_FOLDER_PATH)/test";
			};
			name = Debug;
		};
		14A62EB129C2B17200BC45D0 /* Release */ = {
			isa = XCBuildConfiguration;
			baseConfigurationReference = D424DFFF01FCBED199B63242 /* Pods-testTests.release.xcconfig */;
			buildSettings = {
				ALWAYS_EMBED_SWIFT_STANDARD_LIBRARIES = YES;
				BUNDLE_LOADER = "$(TEST_HOST)";
				CODE_SIGN_STYLE = Automatic;
				CURRENT_PROJECT_VERSION = 1;
				GENERATE_INFOPLIST_FILE = YES;
				IPHONEOS_DEPLOYMENT_TARGET = 16.2;
				MARKETING_VERSION = 1.0;
				PRODUCT_BUNDLE_IDENTIFIER = alonso.testTests;
				PRODUCT_NAME = "$(TARGET_NAME)";
				SWIFT_EMIT_LOC_STRINGS = NO;
				SWIFT_VERSION = 5.0;
				TARGETED_DEVICE_FAMILY = "1,2";
				TEST_HOST = "$(BUILT_PRODUCTS_DIR)/test.app/$(BUNDLE_EXECUTABLE_FOLDER_PATH)/test";
			};
			name = Release;
		};
		14A62EB329C2B17200BC45D0 /* Debug */ = {
			isa = XCBuildConfiguration;
			baseConfigurationReference = E1BDCD0794F5535E952F738C /* Pods-test-testUITests.debug.xcconfig */;
			buildSettings = {
				ALWAYS_EMBED_SWIFT_STANDARD_LIBRARIES = YES;
				CODE_SIGN_STYLE = Automatic;
				CURRENT_PROJECT_VERSION = 1;
				GENERATE_INFOPLIST_FILE = YES;
				MARKETING_VERSION = 1.0;
				PRODUCT_BUNDLE_IDENTIFIER = alonso.testUITests;
				PRODUCT_NAME = "$(TARGET_NAME)";
				SWIFT_EMIT_LOC_STRINGS = NO;
				SWIFT_VERSION = 5.0;
				TARGETED_DEVICE_FAMILY = "1,2";
				TEST_TARGET_NAME = test;
			};
			name = Debug;
		};
		14A62EB429C2B17200BC45D0 /* Release */ = {
			isa = XCBuildConfiguration;
			baseConfigurationReference = B9A625B714199D72D2DADBE4 /* Pods-test-testUITests.release.xcconfig */;
			buildSettings = {
				ALWAYS_EMBED_SWIFT_STANDARD_LIBRARIES = YES;
				CODE_SIGN_STYLE = Automatic;
				CURRENT_PROJECT_VERSION = 1;
				GENERATE_INFOPLIST_FILE = YES;
				MARKETING_VERSION = 1.0;
				PRODUCT_BUNDLE_IDENTIFIER = alonso.testUITests;
				PRODUCT_NAME = "$(TARGET_NAME)";
				SWIFT_EMIT_LOC_STRINGS = NO;
				SWIFT_VERSION = 5.0;
				TARGETED_DEVICE_FAMILY = "1,2";
				TEST_TARGET_NAME = test;
			};
			name = Release;
		};
/* End XCBuildConfiguration section */

/* Begin XCConfigurationList section */
		14A62E7D29C2B17100BC45D0 /* Build configuration list for PBXProject "test" */ = {
			isa = XCConfigurationList;
			buildConfigurations = (
				14A62EAA29C2B17200BC45D0 /* Debug */,
				14A62EAB29C2B17200BC45D0 /* Release */,
			);
			defaultConfigurationIsVisible = 0;
			defaultConfigurationName = Release;
		};
		14A62EAC29C2B17200BC45D0 /* Build configuration list for PBXNativeTarget "test" */ = {
			isa = XCConfigurationList;
			buildConfigurations = (
				14A62EAD29C2B17200BC45D0 /* Debug */,
				14A62EAE29C2B17200BC45D0 /* Release */,
			);
			defaultConfigurationIsVisible = 0;
			defaultConfigurationName = Release;
		};
		14A62EAF29C2B17200BC45D0 /* Build configuration list for PBXNativeTarget "testTests" */ = {
			isa = XCConfigurationList;
			buildConfigurations = (
				14A62EB029C2B17200BC45D0 /* Debug */,
				14A62EB129C2B17200BC45D0 /* Release */,
			);
			defaultConfigurationIsVisible = 0;
			defaultConfigurationName = Release;
		};
		14A62EB229C2B17200BC45D0 /* Build configuration list for PBXNativeTarget "testUITests" */ = {
			isa = XCConfigurationList;
			buildConfigurations = (
				14A62EB329C2B17200BC45D0 /* Debug */,
				14A62EB429C2B17200BC45D0 /* Release */,
			);
			defaultConfigurationIsVisible = 0;
			defaultConfigurationName = Release;
		};
/* End XCConfigurationList section */
	};
	rootObject = 14A62E7A29C2B17100BC45D0 /* Project object */;
}
